
Microsoft Visual Studio Solution File, Format Version 12.00
# Visual Studio Version 17
VisualStudioVersion = 17.11.35222.181
MinimumVisualStudioVersion = 10.0.40219.1
Project("{9A19103F-16F7-4668-BE54-9A1E7A4F7556}") = "CadastroUsuarios", "CadastroUsuarios\CadastroUsuarios.csproj", "{2156257F-260C-4A76-8CBC-9107F226E303}"
EndProject
Global
	GlobalSection(SolutionConfigurationPlatforms) = preSolution
		Debug|Any CPU = Debug|Any CPU
		Release|Any CPU = Release|Any CPU
	EndGlobalSection
	GlobalSection(ProjectConfigurationPlatforms) = postSolution
		{2156257F-260C-4A76-8CBC-9107F226E303}.Debug|Any CPU.ActiveCfg = Debug|Any CPU
		{2156257F-260C-4A76-8CBC-9107F226E303}.Debug|Any CPU.Build.0 = Debug|Any CPU
		{2156257F-260C-4A76-8CBC-9107F226E303}.Release|Any CPU.ActiveCfg = Release|Any CPU
		{2156257F-260C-4A76-8CBC-9107F226E303}.Release|Any CPU.Build.0 = Release|Any CPU
	EndGlobalSection
	GlobalSection(SolutionProperties) = preSolution
		HideSolutionNode = FALSE
	EndGlobalSection
	GlobalSection(ExtensibilityGlobals) = postSolution
		SolutionGuid = {D84AD92A-403C-4036-B524-1B47DED933B3}
	EndGlobalSection
EndGlobal
